
Microsoft Visual Studio Solution File, Format Version 12.00
# Visual Studio Version 17
VisualStudioVersion = 17.8.34309.116
MinimumVisualStudioVersion = 10.0.40219.1
Project("{9A19103F-16F7-4668-BE54-9A1E7A4F7556}") = "PriceAlertLibrary", "PriceAlertLibrary\PriceAlertLibrary.csproj", "{D4A9B69F-2F74-410E-8892-C83CCADD5DAB}"
EndProject
Project("{9A19103F-16F7-4668-BE54-9A1E7A4F7556}") = "LibraryUnitTests", "LibraryUnitTests\LibraryUnitTests.csproj", "{E63914C1-2488-4539-90C1-123508352322}"
EndProject
Project("{9A19103F-16F7-4668-BE54-9A1E7A4F7556}") = "PriceCollection", "PriceCollection\PriceCollection.csproj", "{D91D915C-5461-4CE7-9373-F618B961ED36}"
EndProject
Project("{FAE04EC0-301F-11D3-BF4B-00C04F79EFBC}") = "WebApp", "WebApp\WebApp.csproj", "{8C447479-BBCE-409F-BED4-3527DAA093FA}"
EndProject
Project("{FAE04EC0-301F-11D3-BF4B-00C04F79EFBC}") = "NotificationServer", "NotificationServer\NotificationServer.csproj", "{490FB4A0-5DAB-4B7C-BE4F-05FF42F9785A}"
EndProject
Global
	GlobalSection(SolutionConfigurationPlatforms) = preSolution
		Debug|Any CPU = Debug|Any CPU
		Release|Any CPU = Release|Any CPU
	EndGlobalSection
	GlobalSection(ProjectConfigurationPlatforms) = postSolution
		{D4A9B69F-2F74-410E-8892-C83CCADD5DAB}.Debug|Any CPU.ActiveCfg = Debug|Any CPU
		{D4A9B69F-2F74-410E-8892-C83CCADD5DAB}.Debug|Any CPU.Build.0 = Debug|Any CPU
		{D4A9B69F-2F74-410E-8892-C83CCADD5DAB}.Release|Any CPU.ActiveCfg = Release|Any CPU
		{D4A9B69F-2F74-410E-8892-C83CCADD5DAB}.Release|Any CPU.Build.0 = Release|Any CPU
		{E63914C1-2488-4539-90C1-123508352322}.Debug|Any CPU.ActiveCfg = Debug|Any CPU
		{E63914C1-2488-4539-90C1-123508352322}.Debug|Any CPU.Build.0 = Debug|Any CPU
		{E63914C1-2488-4539-90C1-123508352322}.Release|Any CPU.ActiveCfg = Release|Any CPU
		{E63914C1-2488-4539-90C1-123508352322}.Release|Any CPU.Build.0 = Release|Any CPU
		{D91D915C-5461-4CE7-9373-F618B961ED36}.Debug|Any CPU.ActiveCfg = Debug|Any CPU
		{D91D915C-5461-4CE7-9373-F618B961ED36}.Debug|Any CPU.Build.0 = Debug|Any CPU
		{D91D915C-5461-4CE7-9373-F618B961ED36}.Release|Any CPU.ActiveCfg = Release|Any CPU
		{D91D915C-5461-4CE7-9373-F618B961ED36}.Release|Any CPU.Build.0 = Release|Any CPU
		{8C447479-BBCE-409F-BED4-3527DAA093FA}.Debug|Any CPU.ActiveCfg = Debug|Any CPU
		{8C447479-BBCE-409F-BED4-3527DAA093FA}.Debug|Any CPU.Build.0 = Debug|Any CPU
		{8C447479-BBCE-409F-BED4-3527DAA093FA}.Release|Any CPU.ActiveCfg = Release|Any CPU
		{8C447479-BBCE-409F-BED4-3527DAA093FA}.Release|Any CPU.Build.0 = Release|Any CPU
		{490FB4A0-5DAB-4B7C-BE4F-05FF42F9785A}.Debug|Any CPU.ActiveCfg = Debug|Any CPU
		{490FB4A0-5DAB-4B7C-BE4F-05FF42F9785A}.Debug|Any CPU.Build.0 = Debug|Any CPU
		{490FB4A0-5DAB-4B7C-BE4F-05FF42F9785A}.Release|Any CPU.ActiveCfg = Release|Any CPU
		{490FB4A0-5DAB-4B7C-BE4F-05FF42F9785A}.Release|Any CPU.Build.0 = Release|Any CPU
	EndGlobalSection
	GlobalSection(SolutionProperties) = preSolution
		HideSolutionNode = FALSE
	EndGlobalSection
	GlobalSection(ExtensibilityGlobals) = postSolution
		SolutionGuid = {A3A72576-5243-4813-BA4F-242F03F1297C}
	EndGlobalSection
EndGlobal
